
Microsoft Visual Studio Solution File, Format Version 12.00
# Visual Studio Version 17
VisualStudioVersion = 17.14.36408.4 d17.14
MinimumVisualStudioVersion = 10.0.40219.1
Project("{FAE04EC0-301F-11D3-BF4B-00C04F79EFBC}") = "Demo_Adv_04", "Demo_Adv_04\Demo_Adv_04.csproj", "{8B84BD7C-1A36-4AB6-8266-EF8F59B92BBA}"
EndProject
Global
	GlobalSection(SolutionConfigurationPlatforms) = preSolution
		Debug|Any CPU = Debug|Any CPU
		Release|Any CPU = Release|Any CPU
	EndGlobalSection
	GlobalSection(ProjectConfigurationPlatforms) = postSolution
		{8B84BD7C-1A36-4AB6-8266-EF8F59B92BBA}.Debug|Any CPU.ActiveCfg = Debug|Any CPU
		{8B84BD7C-1A36-4AB6-8266-EF8F59B92BBA}.Debug|Any CPU.Build.0 = Debug|Any CPU
		{8B84BD7C-1A36-4AB6-8266-EF8F59B92BBA}.Release|Any CPU.ActiveCfg = Release|Any CPU
		{8B84BD7C-1A36-4AB6-8266-EF8F59B92BBA}.Release|Any CPU.Build.0 = Release|Any CPU
	EndGlobalSection
	GlobalSection(SolutionProperties) = preSolution
		HideSolutionNode = FALSE
	EndGlobalSection
	GlobalSection(ExtensibilityGlobals) = postSolution
		SolutionGuid = {34A2821C-3BFC-4D28-8E53-E74F2F0E7CF2}
	EndGlobalSection
EndGlobal
